
Microsoft Visual Studio Solution File, Format Version 12.00
# Visual Studio Version 16
VisualStudioVersion = 16.0.31112.23
MinimumVisualStudioVersion = 10.0.40219.1
Project("{FAE04EC0-301F-11D3-BF4B-00C04F79EFBC}") = "Lab8_1", "Lab8_1\Lab8_1.csproj", "{62E56B76-1295-43DF-975A-829B6F387B18}"
EndProject
Global
	GlobalSection(SolutionConfigurationPlatforms) = preSolution
		Debug|Any CPU = Debug|Any CPU
		Release|Any CPU = Release|Any CPU
	EndGlobalSection
	GlobalSection(ProjectConfigurationPlatforms) = postSolution
		{62E56B76-1295-43DF-975A-829B6F387B18}.Debug|Any CPU.ActiveCfg = Debug|Any CPU
		{62E56B76-1295-43DF-975A-829B6F387B18}.Debug|Any CPU.Build.0 = Debug|Any CPU
		{62E56B76-1295-43DF-975A-829B6F387B18}.Release|Any CPU.ActiveCfg = Release|Any CPU
		{62E56B76-1295-43DF-975A-829B6F387B18}.Release|Any CPU.Build.0 = Release|Any CPU
	EndGlobalSection
	GlobalSection(SolutionProperties) = preSolution
		HideSolutionNode = FALSE
	EndGlobalSection
	GlobalSection(ExtensibilityGlobals) = postSolution
		SolutionGuid = {E33AE67F-BAE7-458A-AC6C-BEDDDBBF7FD0}
	EndGlobalSection
EndGlobal
